
Microsoft Visual Studio Solution File, Format Version 12.00
# Visual Studio Version 17
VisualStudioVersion = 17.4.33213.308
MinimumVisualStudioVersion = 10.0.40219.1
Project("{FAE04EC0-301F-11D3-BF4B-00C04F79EFBC}") = "FileHunter", "FileHunter\FileHunter.csproj", "{B9F7493A-ACFC-48F3-BB86-8CDE1EA1FF9C}"
EndProject
Global
	GlobalSection(SolutionConfigurationPlatforms) = preSolution
		Debug|Any CPU = Debug|Any CPU
		Release|Any CPU = Release|Any CPU
	EndGlobalSection
	GlobalSection(ProjectConfigurationPlatforms) = postSolution
		{B9F7493A-ACFC-48F3-BB86-8CDE1EA1FF9C}.Debug|Any CPU.ActiveCfg = Debug|Any CPU
		{B9F7493A-ACFC-48F3-BB86-8CDE1EA1FF9C}.Debug|Any CPU.Build.0 = Debug|Any CPU
		{B9F7493A-ACFC-48F3-BB86-8CDE1EA1FF9C}.Release|Any CPU.ActiveCfg = Release|Any CPU
		{B9F7493A-ACFC-48F3-BB86-8CDE1EA1FF9C}.Release|Any CPU.Build.0 = Release|Any CPU
	EndGlobalSection
	GlobalSection(SolutionProperties) = preSolution
		HideSolutionNode = FALSE
	EndGlobalSection
	GlobalSection(ExtensibilityGlobals) = postSolution
		SolutionGuid = {FB82537C-5B09-494F-B607-A24A5881D917}
	EndGlobalSection
EndGlobal
